
Microsoft Visual Studio Solution File, Format Version 12.00
# Visual Studio Version 17
VisualStudioVersion = 17.0.31903.59
MinimumVisualStudioVersion = 10.0.40219.1
Project("{2150E333-8FDC-42A3-9474-1A3956D46DE8}") = "src", "src", "{827E0CD3-B72D-47B6-A68D-7590B98EB39B}"
EndProject
Project("{2150E333-8FDC-42A3-9474-1A3956D46DE8}") = "ApiGateway", "ApiGateway", "{FCA01246-F2C6-0AA7-D43F-FD13BE0B9D88}"
EndProject
Project("{FAE04EC0-301F-11D3-BF4B-00C04F79EFBC}") = "ApiGateway", "src\ApiGateway\ApiGateway.csproj", "{E22BD780-72BE-4A6D-A952-F0310002AD67}"
EndProject
Project("{2150E333-8FDC-42A3-9474-1A3956D46DE8}") = "Services", "Services", "{984BB9B3-3FA3-BE33-9484-CAC21695A33C}"
EndProject
Project("{2150E333-8FDC-42A3-9474-1A3956D46DE8}") = "UserService", "UserService", "{A52FF9A7-1006-A729-7F26-021652E10080}"
EndProject
Project("{FAE04EC0-301F-11D3-BF4B-00C04F79EFBC}") = "UserService", "src\Services\UserService\UserService.csproj", "{6F2D1875-9261-4E60-A131-BE6A804E7A47}"
EndProject
Project("{2150E333-8FDC-42A3-9474-1A3956D46DE8}") = "ProductService", "ProductService", "{C956A69C-8222-8E0F-7E05-45145B4D88F9}"
EndProject
Project("{FAE04EC0-301F-11D3-BF4B-00C04F79EFBC}") = "ProductService", "src\Services\ProductService\ProductService.csproj", "{6D1D1A28-29DD-4FAD-9144-6A084569E646}"
EndProject
Project("{2150E333-8FDC-42A3-9474-1A3956D46DE8}") = "OrderService", "OrderService", "{F5625D22-DF6D-6E20-0384-6B2F7CAD8697}"
EndProject
Project("{FAE04EC0-301F-11D3-BF4B-00C04F79EFBC}") = "OrderService", "src\Services\OrderService\OrderService.csproj", "{69D302BD-089D-4B2E-8F15-3EB4C7B8C04D}"
EndProject
Project("{2150E333-8FDC-42A3-9474-1A3956D46DE8}") = "NotificationService", "NotificationService", "{47931FAB-DBE1-FD8F-0AFF-2CD4B99C52C4}"
EndProject
Project("{FAE04EC0-301F-11D3-BF4B-00C04F79EFBC}") = "NotificationService", "src\Services\NotificationService\NotificationService.csproj", "{CD050842-9A22-4439-99E4-00000E2DDE67}"
EndProject
Project("{2150E333-8FDC-42A3-9474-1A3956D46DE8}") = "Shared", "Shared", "{C8E42992-5E42-0C2B-DBFE-AA848D06431C}"
EndProject
Project("{2150E333-8FDC-42A3-9474-1A3956D46DE8}") = "CircuitBreaker", "CircuitBreaker", "{0BF0E07A-34A1-A147-F28F-005158EFAF6D}"
EndProject
Project("{FAE04EC0-301F-11D3-BF4B-00C04F79EFBC}") = "CircuitBreaker", "src\Shared\CircuitBreaker\CircuitBreaker.csproj", "{6146C20A-4CC2-4B5A-82D6-EA308EA41DED}"
EndProject
Project("{2150E333-8FDC-42A3-9474-1A3956D46DE8}") = "Common", "Common", "{C60DADFC-BA76-97CB-56E5-97564EB3375B}"
EndProject
Project("{FAE04EC0-301F-11D3-BF4B-00C04F79EFBC}") = "Common", "src\Shared\Common\Common.csproj", "{C468CDDF-6147-4AEA-A643-638C11B50184}"
EndProject
Project("{2150E333-8FDC-42A3-9474-1A3956D46DE8}") = "Infrastructure", "Infrastructure", "{9048EB7F-3875-A59E-E36B-5BD4C6F2A282}"
EndProject
Project("{FAE04EC0-301F-11D3-BF4B-00C04F79EFBC}") = "Infrastructure", "src\Infrastructure\Infrastructure.csproj", "{096ECD81-13D1-46D0-AB5B-058A047FFDAF}"
EndProject
Global
	GlobalSection(SolutionConfigurationPlatforms) = preSolution
		Debug|Any CPU = Debug|Any CPU
		Debug|x64 = Debug|x64
		Debug|x86 = Debug|x86
		Release|Any CPU = Release|Any CPU
		Release|x64 = Release|x64
		Release|x86 = Release|x86
	EndGlobalSection
	GlobalSection(ProjectConfigurationPlatforms) = postSolution
		{E22BD780-72BE-4A6D-A952-F0310002AD67}.Debug|Any CPU.ActiveCfg = Debug|Any CPU
		{E22BD780-72BE-4A6D-A952-F0310002AD67}.Debug|Any CPU.Build.0 = Debug|Any CPU
		{E22BD780-72BE-4A6D-A952-F0310002AD67}.Debug|x64.ActiveCfg = Debug|Any CPU
		{E22BD780-72BE-4A6D-A952-F0310002AD67}.Debug|x64.Build.0 = Debug|Any CPU
		{E22BD780-72BE-4A6D-A952-F0310002AD67}.Debug|x86.ActiveCfg = Debug|Any CPU
		{E22BD780-72BE-4A6D-A952-F0310002AD67}.Debug|x86.Build.0 = Debug|Any CPU
		{E22BD780-72BE-4A6D-A952-F0310002AD67}.Release|Any CPU.ActiveCfg = Release|Any CPU
		{E22BD780-72BE-4A6D-A952-F0310002AD67}.Release|Any CPU.Build.0 = Release|Any CPU
		{E22BD780-72BE-4A6D-A952-F0310002AD67}.Release|x64.ActiveCfg = Release|Any CPU
		{E22BD780-72BE-4A6D-A952-F0310002AD67}.Release|x64.Build.0 = Release|Any CPU
		{E22BD780-72BE-4A6D-A952-F0310002AD67}.Release|x86.ActiveCfg = Release|Any CPU
		{E22BD780-72BE-4A6D-A952-F0310002AD67}.Release|x86.Build.0 = Release|Any CPU
		{6F2D1875-9261-4E60-A131-BE6A804E7A47}.Debug|Any CPU.ActiveCfg = Debug|Any CPU
		{6F2D1875-9261-4E60-A131-BE6A804E7A47}.Debug|Any CPU.Build.0 = Debug|Any CPU
		{6F2D1875-9261-4E60-A131-BE6A804E7A47}.Debug|x64.ActiveCfg = Debug|Any CPU
		{6F2D1875-9261-4E60-A131-BE6A804E7A47}.Debug|x64.Build.0 = Debug|Any CPU
		{6F2D1875-9261-4E60-A131-BE6A804E7A47}.Debug|x86.ActiveCfg = Debug|Any CPU
		{6F2D1875-9261-4E60-A131-BE6A804E7A47}.Debug|x86.Build.0 = Debug|Any CPU
		{6F2D1875-9261-4E60-A131-BE6A804E7A47}.Release|Any CPU.ActiveCfg = Release|Any CPU
		{6F2D1875-9261-4E60-A131-BE6A804E7A47}.Release|Any CPU.Build.0 = Release|Any CPU
		{6F2D1875-9261-4E60-A131-BE6A804E7A47}.Release|x64.ActiveCfg = Release|Any CPU
		{6F2D1875-9261-4E60-A131-BE6A804E7A47}.Release|x64.Build.0 = Release|Any CPU
		{6F2D1875-9261-4E60-A131-BE6A804E7A47}.Release|x86.ActiveCfg = Release|Any CPU
		{6F2D1875-9261-4E60-A131-BE6A804E7A47}.Release|x86.Build.0 = Release|Any CPU
		{6D1D1A28-29DD-4FAD-9144-6A084569E646}.Debug|Any CPU.ActiveCfg = Debug|Any CPU
		{6D1D1A28-29DD-4FAD-9144-6A084569E646}.Debug|Any CPU.Build.0 = Debug|Any CPU
		{6D1D1A28-29DD-4FAD-9144-6A084569E646}.Debug|x64.ActiveCfg = Debug|Any CPU
		{6D1D1A28-29DD-4FAD-9144-6A084569E646}.Debug|x64.Build.0 = Debug|Any CPU
		{6D1D1A28-29DD-4FAD-9144-6A084569E646}.Debug|x86.ActiveCfg = Debug|Any CPU
		{6D1D1A28-29DD-4FAD-9144-6A084569E646}.Debug|x86.Build.0 = Debug|Any CPU
		{6D1D1A28-29DD-4FAD-9144-6A084569E646}.Release|Any CPU.ActiveCfg = Release|Any CPU
		{6D1D1A28-29DD-4FAD-9144-6A084569E646}.Release|Any CPU.Build.0 = Release|Any CPU
		{6D1D1A28-29DD-4FAD-9144-6A084569E646}.Release|x64.ActiveCfg = Release|Any CPU
		{6D1D1A28-29DD-4FAD-9144-6A084569E646}.Release|x64.Build.0 = Release|Any CPU
		{6D1D1A28-29DD-4FAD-9144-6A084569E646}.Release|x86.ActiveCfg = Release|Any CPU
		{6D1D1A28-29DD-4FAD-9144-6A084569E646}.Release|x86.Build.0 = Release|Any CPU
		{69D302BD-089D-4B2E-8F15-3EB4C7B8C04D}.Debug|Any CPU.ActiveCfg = Debug|Any CPU
		{69D302BD-089D-4B2E-8F15-3EB4C7B8C04D}.Debug|Any CPU.Build.0 = Debug|Any CPU
		{69D302BD-089D-4B2E-8F15-3EB4C7B8C04D}.Debug|x64.ActiveCfg = Debug|Any CPU
		{69D302BD-089D-4B2E-8F15-3EB4C7B8C04D}.Debug|x64.Build.0 = Debug|Any CPU
		{69D302BD-089D-4B2E-8F15-3EB4C7B8C04D}.Debug|x86.ActiveCfg = Debug|Any CPU
		{69D302BD-089D-4B2E-8F15-3EB4C7B8C04D}.Debug|x86.Build.0 = Debug|Any CPU
		{69D302BD-089D-4B2E-8F15-3EB4C7B8C04D}.Release|Any CPU.ActiveCfg = Release|Any CPU
		{69D302BD-089D-4B2E-8F15-3EB4C7B8C04D}.Release|Any CPU.Build.0 = Release|Any CPU
		{69D302BD-089D-4B2E-8F15-3EB4C7B8C04D}.Release|x64.ActiveCfg = Release|Any CPU
		{69D302BD-089D-4B2E-8F15-3EB4C7B8C04D}.Release|x64.Build.0 = Release|Any CPU
		{69D302BD-089D-4B2E-8F15-3EB4C7B8C04D}.Release|x86.ActiveCfg = Release|Any CPU
		{69D302BD-089D-4B2E-8F15-3EB4C7B8C04D}.Release|x86.Build.0 = Release|Any CPU
		{CD050842-9A22-4439-99E4-00000E2DDE67}.Debug|Any CPU.ActiveCfg = Debug|Any CPU
		{CD050842-9A22-4439-99E4-00000E2DDE67}.Debug|Any CPU.Build.0 = Debug|Any CPU
		{CD050842-9A22-4439-99E4-00000E2DDE67}.Debug|x64.ActiveCfg = Debug|Any CPU
		{CD050842-9A22-4439-99E4-00000E2DDE67}.Debug|x64.Build.0 = Debug|Any CPU
		{CD050842-9A22-4439-99E4-00000E2DDE67}.Debug|x86.ActiveCfg = Debug|Any CPU
		{CD050842-9A22-4439-99E4-00000E2DDE67}.Debug|x86.Build.0 = Debug|Any CPU
		{CD050842-9A22-4439-99E4-00000E2DDE67}.Release|Any CPU.ActiveCfg = Release|Any CPU
		{CD050842-9A22-4439-99E4-00000E2DDE67}.Release|Any CPU.Build.0 = Release|Any CPU
		{CD050842-9A22-4439-99E4-00000E2DDE67}.Release|x64.ActiveCfg = Release|Any CPU
		{CD050842-9A22-4439-99E4-00000E2DDE67}.Release|x64.Build.0 = Release|Any CPU
		{CD050842-9A22-4439-99E4-00000E2DDE67}.Release|x86.ActiveCfg = Release|Any CPU
		{CD050842-9A22-4439-99E4-00000E2DDE67}.Release|x86.Build.0 = Release|Any CPU
		{6146C20A-4CC2-4B5A-82D6-EA308EA41DED}.Debug|Any CPU.ActiveCfg = Debug|Any CPU
		{6146C20A-4CC2-4B5A-82D6-EA308EA41DED}.Debug|Any CPU.Build.0 = Debug|Any CPU
		{6146C20A-4CC2-4B5A-82D6-EA308EA41DED}.Debug|x64.ActiveCfg = Debug|Any CPU
		{6146C20A-4CC2-4B5A-82D6-EA308EA41DED}.Debug|x64.Build.0 = Debug|Any CPU
		{6146C20A-4CC2-4B5A-82D6-EA308EA41DED}.Debug|x86.ActiveCfg = Debug|Any CPU
		{6146C20A-4CC2-4B5A-82D6-EA308EA41DED}.Debug|x86.Build.0 = Debug|Any CPU
		{6146C20A-4CC2-4B5A-82D6-EA308EA41DED}.Release|Any CPU.ActiveCfg = Release|Any CPU
		{6146C20A-4CC2-4B5A-82D6-EA308EA41DED}.Release|Any CPU.Build.0 = Release|Any CPU
		{6146C20A-4CC2-4B5A-82D6-EA308EA41DED}.Release|x64.ActiveCfg = Release|Any CPU
		{6146C20A-4CC2-4B5A-82D6-EA308EA41DED}.Release|x64.Build.0 = Release|Any CPU
		{6146C20A-4CC2-4B5A-82D6-EA308EA41DED}.Release|x86.ActiveCfg = Release|Any CPU
		{6146C20A-4CC2-4B5A-82D6-EA308EA41DED}.Release|x86.Build.0 = Release|Any CPU
		{C468CDDF-6147-4AEA-A643-638C11B50184}.Debug|Any CPU.ActiveCfg = Debug|Any CPU
		{C468CDDF-6147-4AEA-A643-638C11B50184}.Debug|Any CPU.Build.0 = Debug|Any CPU
		{C468CDDF-6147-4AEA-A643-638C11B50184}.Debug|x64.ActiveCfg = Debug|Any CPU
		{C468CDDF-6147-4AEA-A643-638C11B50184}.Debug|x64.Build.0 = Debug|Any CPU
		{C468CDDF-6147-4AEA-A643-638C11B50184}.Debug|x86.ActiveCfg = Debug|Any CPU
		{C468CDDF-6147-4AEA-A643-638C11B50184}.Debug|x86.Build.0 = Debug|Any CPU
		{C468CDDF-6147-4AEA-A643-638C11B50184}.Release|Any CPU.ActiveCfg = Release|Any CPU
		{C468CDDF-6147-4AEA-A643-638C11B50184}.Release|Any CPU.Build.0 = Release|Any CPU
		{C468CDDF-6147-4AEA-A643-638C11B50184}.Release|x64.ActiveCfg = Release|Any CPU
		{C468CDDF-6147-4AEA-A643-638C11B50184}.Release|x64.Build.0 = Release|Any CPU
		{C468CDDF-6147-4AEA-A643-638C11B50184}.Release|x86.ActiveCfg = Release|Any CPU
		{C468CDDF-6147-4AEA-A643-638C11B50184}.Release|x86.Build.0 = Release|Any CPU
		{096ECD81-13D1-46D0-AB5B-058A047FFDAF}.Debug|Any CPU.ActiveCfg = Debug|Any CPU
		{096ECD81-13D1-46D0-AB5B-058A047FFDAF}.Debug|Any CPU.Build.0 = Debug|Any CPU
		{096ECD81-13D1-46D0-AB5B-058A047FFDAF}.Debug|x64.ActiveCfg = Debug|Any CPU
		{096ECD81-13D1-46D0-AB5B-058A047FFDAF}.Debug|x64.Build.0 = Debug|Any CPU
		{096ECD81-13D1-46D0-AB5B-058A047FFDAF}.Debug|x86.ActiveCfg = Debug|Any CPU
		{096ECD81-13D1-46D0-AB5B-058A047FFDAF}.Debug|x86.Build.0 = Debug|Any CPU
		{096ECD81-13D1-46D0-AB5B-058A047FFDAF}.Release|Any CPU.ActiveCfg = Release|Any CPU
		{096ECD81-13D1-46D0-AB5B-058A047FFDAF}.Release|Any CPU.Build.0 = Release|Any CPU
		{096ECD81-13D1-46D0-AB5B-058A047FFDAF}.Release|x64.ActiveCfg = Release|Any CPU
		{096ECD81-13D1-46D0-AB5B-058A047FFDAF}.Release|x64.Build.0 = Release|Any CPU
		{096ECD81-13D1-46D0-AB5B-058A047FFDAF}.Release|x86.ActiveCfg = Release|Any CPU
		{096ECD81-13D1-46D0-AB5B-058A047FFDAF}.Release|x86.Build.0 = Release|Any CPU
	EndGlobalSection
	GlobalSection(SolutionProperties) = preSolution
		HideSolutionNode = FALSE
	EndGlobalSection
	GlobalSection(NestedProjects) = preSolution
		{FCA01246-F2C6-0AA7-D43F-FD13BE0B9D88} = {827E0CD3-B72D-47B6-A68D-7590B98EB39B}
		{E22BD780-72BE-4A6D-A952-F0310002AD67} = {FCA01246-F2C6-0AA7-D43F-FD13BE0B9D88}
		{984BB9B3-3FA3-BE33-9484-CAC21695A33C} = {827E0CD3-B72D-47B6-A68D-7590B98EB39B}
		{A52FF9A7-1006-A729-7F26-021652E10080} = {984BB9B3-3FA3-BE33-9484-CAC21695A33C}
		{6F2D1875-9261-4E60-A131-BE6A804E7A47} = {A52FF9A7-1006-A729-7F26-021652E10080}
		{C956A69C-8222-8E0F-7E05-45145B4D88F9} = {984BB9B3-3FA3-BE33-9484-CAC21695A33C}
		{6D1D1A28-29DD-4FAD-9144-6A084569E646} = {C956A69C-8222-8E0F-7E05-45145B4D88F9}
		{F5625D22-DF6D-6E20-0384-6B2F7CAD8697} = {984BB9B3-3FA3-BE33-9484-CAC21695A33C}
		{69D302BD-089D-4B2E-8F15-3EB4C7B8C04D} = {F5625D22-DF6D-6E20-0384-6B2F7CAD8697}
		{47931FAB-DBE1-FD8F-0AFF-2CD4B99C52C4} = {984BB9B3-3FA3-BE33-9484-CAC21695A33C}
		{CD050842-9A22-4439-99E4-00000E2DDE67} = {47931FAB-DBE1-FD8F-0AFF-2CD4B99C52C4}
		{C8E42992-5E42-0C2B-DBFE-AA848D06431C} = {827E0CD3-B72D-47B6-A68D-7590B98EB39B}
		{0BF0E07A-34A1-A147-F28F-005158EFAF6D} = {C8E42992-5E42-0C2B-DBFE-AA848D06431C}
		{6146C20A-4CC2-4B5A-82D6-EA308EA41DED} = {0BF0E07A-34A1-A147-F28F-005158EFAF6D}
		{C60DADFC-BA76-97CB-56E5-97564EB3375B} = {C8E42992-5E42-0C2B-DBFE-AA848D06431C}
		{C468CDDF-6147-4AEA-A643-638C11B50184} = {C60DADFC-BA76-97CB-56E5-97564EB3375B}
		{9048EB7F-3875-A59E-E36B-5BD4C6F2A282} = {827E0CD3-B72D-47B6-A68D-7590B98EB39B}
		{096ECD81-13D1-46D0-AB5B-058A047FFDAF} = {9048EB7F-3875-A59E-E36B-5BD4C6F2A282}
	EndGlobalSection
EndGlobal
